
Microsoft Visual Studio Solution File, Format Version 11.00
# Visual Studio 2010
Project("{FAE04EC0-301F-11D3-BF4B-00C04F79EFBC}") = "test", "test\test.csproj", "{CEC96C18-A582-475B-80BF-404484ADDC0B}"
EndProject
Global
	GlobalSection(SolutionConfigurationPlatforms) = preSolution
		Debug|Any CPU = Debug|Any CPU
		Release|Any CPU = Release|Any CPU
	EndGlobalSection
	GlobalSection(ProjectConfigurationPlatforms) = postSolution
		{CEC96C18-A582-475B-80BF-404484ADDC0B}.Debug|Any CPU.ActiveCfg = Debug|Any CPU
		{CEC96C18-A582-475B-80BF-404484ADDC0B}.Debug|Any CPU.Build.0 = Debug|Any CPU
		{CEC96C18-A582-475B-80BF-404484ADDC0B}.Release|Any CPU.ActiveCfg = Release|Any CPU
		{CEC96C18-A582-475B-80BF-404484ADDC0B}.Release|Any CPU.Build.0 = Release|Any CPU
	EndGlobalSection
	GlobalSection(SolutionProperties) = preSolution
		HideSolutionNode = FALSE
	EndGlobalSection
EndGlobal
